// !$*UTF8*$!
{
	archiveVersion = 1;
	classes = {
	};
	objectVersion = 48;
	objects = {

/* Begin PBXBuildFile section */
		34E7E6612057A6CB003EC3F7 /* AppDelegate.m in Sources */ = {isa = PBXBuildFile; fileRef = 34E7E6602057A6CB003EC3F7 /* AppDelegate.m */; };
		34E7E6642057A6CB003EC3F7 /* ViewController.m in Sources */ = {isa = PBXBuildFile; fileRef = 34E7E6632057A6CB003EC3F7 /* ViewController.m */; };
		34E7E6672057A6CB003EC3F7 /* Main.storyboard in Resources */ = {isa = PBXBuildFile; fileRef = 34E7E6652057A6CB003EC3F7 /* Main.storyboard */; };
		34E7E6692057A6CB003EC3F7 /* Assets.xcassets in Resources */ = {isa = PBXBuildFile; fileRef = 34E7E6682057A6CB003EC3F7 /* Assets.xcassets */; };
		34E7E66C2057A6CB003EC3F7 /* LaunchScreen.storyboard in Resources */ = {isa = PBXBuildFile; fileRef = 34E7E66A2057A6CB003EC3F7 /* LaunchScreen.storyboard */; };
		34E7E66F2057A6CB003EC3F7 /* main.m in Sources */ = {isa = PBXBuildFile; fileRef = 34E7E66E2057A6CB003EC3F7 /* main.m */; };
		34E7E69A20592687003EC3F7 /* BlockTest.m in Sources */ = {isa = PBXBuildFile; fileRef = 34E7E69920592687003EC3F7 /* BlockTest.m */; };
		99DBFFF4F98B13D00C472629 /* libPods-NoteForCode.a in Frameworks */ = {isa = PBXBuildFile; fileRef = 3BB20592EA76DF688AC38021 /* libPods-NoteForCode.a */; };
/* End PBXBuildFile section */

/* Begin PBXFileReference section */
		34E7E65C2057A6CB003EC3F7 /* NoteForCode.app */ = {isa = PBXFileReference; explicitFileType = wrapper.application; includeInIndex = 0; path = NoteForCode.app; sourceTree = BUILT_PRODUCTS_DIR; };
		34E7E65F2057A6CB003EC3F7 /* AppDelegate.h */ = {isa = PBXFileReference; lastKnownFileType = sourcecode.c.h; path = AppDelegate.h; sourceTree = "<group>"; };
		34E7E6602057A6CB003EC3F7 /* AppDelegate.m */ = {isa = PBXFileReference; lastKnownFileType = sourcecode.c.objc; path = AppDelegate.m; sourceTree = "<group>"; };
		34E7E6622057A6CB003EC3F7 /* ViewController.h */ = {isa = PBXFileReference; lastKnownFileType = sourcecode.c.h; path = ViewController.h; sourceTree = "<group>"; };
		34E7E6632057A6CB003EC3F7 /* ViewController.m */ = {isa = PBXFileReference; lastKnownFileType = sourcecode.c.objc; path = ViewController.m; sourceTree = "<group>"; };
		34E7E6662057A6CB003EC3F7 /* Base */ = {isa = PBXFileReference; lastKnownFileType = file.storyboard; name = Base; path = Base.lproj/Main.storyboard; sourceTree = "<group>"; };
		34E7E6682057A6CB003EC3F7 /* Assets.xcassets */ = {isa = PBXFileReference; lastKnownFileType = folder.assetcatalog; path = Assets.xcassets; sourceTree = "<group>"; };
		34E7E66B2057A6CB003EC3F7 /* Base */ = {isa = PBXFileReference; lastKnownFileType = file.storyboard; name = Base; path = Base.lproj/LaunchScreen.storyboard; sourceTree = "<group>"; };
		34E7E66D2057A6CB003EC3F7 /* Info.plist */ = {isa = PBXFileReference; lastKnownFileType = text.plist.xml; path = Info.plist; sourceTree = "<group>"; };
		34E7E66E2057A6CB003EC3F7 /* main.m */ = {isa = PBXFileReference; lastKnownFileType = sourcecode.c.objc; path = main.m; sourceTree = "<group>"; };
		34E7E69820592687003EC3F7 /* BlockTest.h */ = {isa = PBXFileReference; lastKnownFileType = sourcecode.c.h; path = BlockTest.h; sourceTree = "<group>"; };
		34E7E69920592687003EC3F7 /* BlockTest.m */ = {isa = PBXFileReference; lastKnownFileType = sourcecode.c.objc; path = BlockTest.m; sourceTree = "<group>"; };
		3BB20592EA76DF688AC38021 /* libPods-NoteForCode.a */ = {isa = PBXFileReference; explicitFileType = archive.ar; includeInIndex = 0; path = "libPods-NoteForCode.a"; sourceTree = BUILT_PRODUCTS_DIR; };
		7AE6992C570CABF11F092BD6 /* Pods-NoteForCode.debug.xcconfig */ = {isa = PBXFileReference; includeInIndex = 1; lastKnownFileType = text.xcconfig; name = "Pods-NoteForCode.debug.xcconfig"; path = "Pods/Target Support Files/Pods-NoteForCode/Pods-NoteForCode.debug.xcconfig"; sourceTree = "<group>"; };
		A8A403088ED8C012DCC8B327 /* Pods-NoteForCode.release.xcconfig */ = {isa = PBXFileReference; includeInIndex = 1; lastKnownFileType = text.xcconfig; name = "Pods-NoteForCode.release.xcconfig"; path = "Pods/Target Support Files/Pods-NoteForCode/Pods-NoteForCode.release.xcconfig"; sourceTree = "<group>"; };
/* End PBXFileReference section */

/* Begin PBXFrameworksBuildPhase section */
		34E7E6592057A6CB003EC3F7 /* Frameworks */ = {
			isa = PBXFrameworksBuildPhase;
			buildActionMask = 2147483647;
			files = (
				99DBFFF4F98B13D00C472629 /* libPods-NoteForCode.a in Frameworks */,
			);
			runOnlyForDeploymentPostprocessing = 0;
		};
/* End PBXFrameworksBuildPhase section */

/* Begin PBXGroup section */
		34E7E6532057A6CB003EC3F7 = {
			isa = PBXGroup;
			children = (
				34E7E65E2057A6CB003EC3F7 /* NoteForCode */,
				34E7E65D2057A6CB003EC3F7 /* Products */,
				41E27F07E08C18E459223B3A /* Pods */,
				B790FB13BD6253ACF649B71C /* Frameworks */,
			);
			sourceTree = "<group>";
		};
		34E7E65D2057A6CB003EC3F7 /* Products */ = {
			isa = PBXGroup;
			children = (
				34E7E65C2057A6CB003EC3F7 /* NoteForCode.app */,
			);
			name = Products;
			sourceTree = "<group>";
		};
		34E7E65E2057A6CB003EC3F7 /* NoteForCode */ = {
			isa = PBXGroup;
			children = (
				34E7E65F2057A6CB003EC3F7 /* AppDelegate.h */,
				34E7E6602057A6CB003EC3F7 /* AppDelegate.m */,
				34E7E6622057A6CB003EC3F7 /* ViewController.h */,
				34E7E6632057A6CB003EC3F7 /* ViewController.m */,
				34E7E6652057A6CB003EC3F7 /* Main.storyboard */,
				34E7E6682057A6CB003EC3F7 /* Assets.xcassets */,
				34E7E66A2057A6CB003EC3F7 /* LaunchScreen.storyboard */,
				34E7E66D2057A6CB003EC3F7 /* Info.plist */,
				34E7E66E2057A6CB003EC3F7 /* main.m */,
				34E7E69820592687003EC3F7 /* BlockTest.h */,
				34E7E69920592687003EC3F7 /* BlockTest.m */,
			);
			path = NoteForCode;
			sourceTree = "<group>";
		};
		41E27F07E08C18E459223B3A /* Pods */ = {
			isa = PBXGroup;
			children = (
				7AE6992C570CABF11F092BD6 /* Pods-NoteForCode.debug.xcconfig */,
				A8A403088ED8C012DCC8B327 /* Pods-NoteForCode.release.xcconfig */,
			);
			name = Pods;
			sourceTree = "<group>";
		};
		B790FB13BD6253ACF649B71C /* Frameworks */ = {
			isa = PBXGroup;
			children = (
				3BB20592EA76DF688AC38021 /* libPods-NoteForCode.a */,
			);
			name = Frameworks;
			sourceTree = "<group>";
		};
/* End PBXGroup section */

/* Begin PBXNativeTarget section */
		34E7E65B2057A6CB003EC3F7 /* NoteForCode */ = {
			isa = PBXNativeTarget;
			buildConfigurationList = 34E7E6722057A6CB003EC3F7 /* Build configuration list for PBXNativeTarget "NoteForCode" */;
			buildPhases = (
				03104706082A9356FB621513 /* [CP] Check Pods Manifest.lock */,
				34E7E6582057A6CB003EC3F7 /* Sources */,
				34E7E6592057A6CB003EC3F7 /* Frameworks */,
				34E7E65A2057A6CB003EC3F7 /* Resources */,
				C233F390770FB75B274CFE0F /* [CP] Embed Pods Frameworks */,
				C91C9795FBAF81FC6E3F7CD8 /* [CP] Copy Pods Resources */,
			);
			buildRules = (
			);
			dependencies = (
			);
			name = NoteForCode;
			productName = NoteForCode;
			productReference = 34E7E65C2057A6CB003EC3F7 /* NoteForCode.app */;
			productType = "com.apple.product-type.application";
		};
/* End PBXNativeTarget section */

/* Begin PBXProject section */
		34E7E6542057A6CB003EC3F7 /* Project object */ = {
			isa = PBXProject;
			attributes = {
				LastUpgradeCheck = 0920;
				ORGANIZATIONNAME = wesly;
				TargetAttributes = {
					34E7E65B2057A6CB003EC3F7 = {
						CreatedOnToolsVersion = 9.2;
						ProvisioningStyle = Automatic;
					};
				};
			};
			buildConfigurationList = 34E7E6572057A6CB003EC3F7 /* Build configuration list for PBXProject "NoteForCode" */;
			compatibilityVersion = "Xcode 8.0";
			developmentRegion = en;
			hasScannedForEncodings = 0;
			knownRegions = (
				en,
				Base,
			);
			mainGroup = 34E7E6532057A6CB003EC3F7;
			productRefGroup = 34E7E65D2057A6CB003EC3F7 /* Products */;
			projectDirPath = "";
			projectRoot = "";
			targets = (
				34E7E65B2057A6CB003EC3F7 /* NoteForCode */,
			);
		};
/* End PBXProject section */

/* Begin PBXResourcesBuildPhase section */
		34E7E65A2057A6CB003EC3F7 /* Resources */ = {
			isa = PBXResourcesBuildPhase;
			buildActionMask = 2147483647;
			files = (
				34E7E66C2057A6CB003EC3F7 /* LaunchScreen.storyboard in Resources */,
				34E7E6692057A6CB003EC3F7 /* Assets.xcassets in Resources */,
				34E7E6672057A6CB003EC3F7 /* Main.storyboard in Resources */,
			);
			runOnlyForDeploymentPostprocessing = 0;
		};
/* End PBXResourcesBuildPhase section */

/* Begin PBXShellScriptBuildPhase section */
		03104706082A9356FB621513 /* [CP] Check Pods Manifest.lock */ = {
			isa = PBXShellScriptBuildPhase;
			buildActionMask = 2147483647;
			files = (
			);
			inputPaths = (
				"${PODS_PODFILE_DIR_PATH}/Podfile.lock",
				"${PODS_ROOT}/Manifest.lock",
			);
			name = "[CP] Check Pods Manifest.lock";
			outputPaths = (
				"$(DERIVED_FILE_DIR)/Pods-NoteForCode-checkManifestLockResult.txt",
			);
			runOnlyForDeploymentPostprocessing = 0;
			shellPath = /bin/sh;
			shellScript = "diff \"${PODS_PODFILE_DIR_PATH}/Podfile.lock\" \"${PODS_ROOT}/Manifest.lock\" > /dev/null\nif [ $? != 0 ] ; then\n    # print error to STDERR\n    echo \"error: The sandbox is not in sync with the Podfile.lock. Run 'pod install' or update your CocoaPods installation.\" >&2\n    exit 1\nfi\n# This output is used by Xcode 'outputs' to avoid re-running this script phase.\necho \"SUCCESS\" > \"${SCRIPT_OUTPUT_FILE_0}\"\n";
			showEnvVarsInLog = 0;
		};
		C233F390770FB75B274CFE0F /* [CP] Embed Pods Frameworks */ = {
			isa = PBXShellScriptBuildPhase;
			buildActionMask = 2147483647;
			files = (
			);
			inputPaths = (
			);
			name = "[CP] Embed Pods Frameworks";
			outputPaths = (
			);
			runOnlyForDeploymentPostprocessing = 0;
			shellPath = /bin/sh;
			shellScript = "\"${SRCROOT}/Pods/Target Support Files/Pods-NoteForCode/Pods-NoteForCode-frameworks.sh\"\n";
			showEnvVarsInLog = 0;
		};
		C91C9795FBAF81FC6E3F7CD8 /* [CP] Copy Pods Resources */ = {
			isa = PBXShellScriptBuildPhase;
			buildActionMask = 2147483647;
			files = (
			);
			inputPaths = (
			);
			name = "[CP] Copy Pods Resources";
			outputPaths = (
			);
			runOnlyForDeploymentPostprocessing = 0;
			shellPath = /bin/sh;
			shellScript = "\"${SRCROOT}/Pods/Target Support Files/Pods-NoteForCode/Pods-NoteForCode-resources.sh\"\n";
			showEnvVarsInLog = 0;
		};
/* End PBXShellScriptBuildPhase section */

/* Begin PBXSourcesBuildPhase section */
		34E7E6582057A6CB003EC3F7 /* Sources */ = {
			isa = PBXSourcesBuildPhase;
			buildActionMask = 2147483647;
			files = (
				34E7E6642057A6CB003EC3F7 /* ViewController.m in Sources */,
				34E7E69A20592687003EC3F7 /* BlockTest.m in Sources */,
				34E7E66F2057A6CB003EC3F7 /* main.m in Sources */,
				34E7E6612057A6CB003EC3F7 /* AppDelegate.m in Sources */,
			);
			runOnlyForDeploymentPostprocessing = 0;
		};
/* End PBXSourcesBuildPhase section */

/* Begin PBXVariantGroup section */
		34E7E6652057A6CB003EC3F7 /* Main.storyboard */ = {
			isa = PBXVariantGroup;
			children = (
				34E7E6662057A6CB003EC3F7 /* Base */,
			);
			name = Main.storyboard;
			sourceTree = "<group>";
		};
		34E7E66A2057A6CB003EC3F7 /* LaunchScreen.storyboard */ = {
			isa = PBXVariantGroup;
			children = (
				34E7E66B2057A6CB003EC3F7 /* Base */,
			);
			name = LaunchScreen.storyboard;
			sourceTree = "<group>";
		};
/* End PBXVariantGroup section */

/* Begin XCBuildConfiguration section */
		34E7E6702057A6CB003EC3F7 /* Debug */ = {
			isa = XCBuildConfiguration;
			buildSettings = {
				ALWAYS_SEARCH_USER_PATHS = NO;
				CLANG_ANALYZER_NONNULL = YES;
				CLANG_ANALYZER_NUMBER_OBJECT_CONVERSION = YES_AGGRESSIVE;
				CLANG_CXX_LANGUAGE_STANDARD = "gnu++14";
				CLANG_CXX_LIBRARY = "libc++";
				CLANG_ENABLE_MODULES = YES;
				CLANG_ENABLE_OBJC_ARC = YES;
				CLANG_WARN_BLOCK_CAPTURE_AUTORELEASING = YES;
				CLANG_WARN_BOOL_CONVERSION = YES;
				CLANG_WARN_COMMA = YES;
				CLANG_WARN_CONSTANT_CONVERSION = YES;
				CLANG_WARN_DIRECT_OBJC_ISA_USAGE = YES_ERROR;
				CLANG_WARN_DOCUMENTATION_COMMENTS = YES;
				CLANG_WARN_EMPTY_BODY = YES;
				CLANG_WARN_ENUM_CONVERSION = YES;
				CLANG_WARN_INFINITE_RECURSION = YES;
				CLANG_WARN_INT_CONVERSION = YES;
				CLANG_WARN_NON_LITERAL_NULL_CONVERSION = YES;
				CLANG_WARN_OBJC_LITERAL_CONVERSION = YES;
				CLANG_WARN_OBJC_ROOT_CLASS = YES_ERROR;
				CLANG_WARN_RANGE_LOOP_ANALYSIS = YES;
				CLANG_WARN_STRICT_PROTOTYPES = YES;
				CLANG_WARN_SUSPICIOUS_MOVE = YES;
				CLANG_WARN_UNGUARDED_AVAILABILITY = YES_AGGRESSIVE;
				CLANG_WARN_UNREACHABLE_CODE = YES;
				CLANG_WARN__DUPLICATE_METHOD_MATCH = YES;
				CODE_SIGN_IDENTITY = "iPhone Developer";
				COPY_PHASE_STRIP = NO;
				DEBUG_INFORMATION_FORMAT = dwarf;
				ENABLE_STRICT_OBJC_MSGSEND = YES;
				ENABLE_TESTABILITY = YES;
				GCC_C_LANGUAGE_STANDARD = gnu11;
				GCC_DYNAMIC_NO_PIC = NO;
				GCC_NO_COMMON_BLOCKS = YES;
				GCC_OPTIMIZATION_LEVEL = 0;
				GCC_PREPROCESSOR_DEFINITIONS = (
					"DEBUG=1",
					"$(inherited)",
				);
				GCC_WARN_64_TO_32_BIT_CONVERSION = YES;
				GCC_WARN_ABOUT_RETURN_TYPE = YES_ERROR;
				GCC_WARN_UNDECLARED_SELECTOR = YES;
				GCC_WARN_UNINITIALIZED_AUTOS = YES_AGGRESSIVE;
				GCC_WARN_UNUSED_FUNCTION = YES;
				GCC_WARN_UNUSED_VARIABLE = YES;
				IPHONEOS_DEPLOYMENT_TARGET = 11.2;
				MTL_ENABLE_DEBUG_INFO = YES;
				ONLY_ACTIVE_ARCH = YES;
				SDKROOT = iphoneos;
			};
			name = Debug;
		};
		34E7E6712057A6CB003EC3F7 /* Release */ = {
			isa = XCBuildConfiguration;
			buildSettings = {
				ALWAYS_SEARCH_USER_PATHS = NO;
				CLANG_ANALYZER_NONNULL = YES;
				CLANG_ANALYZER_NUMBER_OBJECT_CONVERSION = YES_AGGRESSIVE;
				CLANG_CXX_LANGUAGE_STANDARD = "gnu++14";
				CLANG_CXX_LIBRARY = "libc++";
				CLANG_ENABLE_MODULES = YES;
				CLANG_ENABLE_OBJC_ARC = YES;
				CLANG_WARN_BLOCK_CAPTURE_AUTORELEASING = YES;
				CLANG_WARN_BOOL_CONVERSION = YES;
				CLANG_WARN_COMMA = YES;
				CLANG_WARN_CONSTANT_CONVERSION = YES;
				CLANG_WARN_DIRECT_OBJC_ISA_USAGE = YES_ERROR;
				CLANG_WARN_DOCUMENTATION_COMMENTS = YES;
				CLANG_WARN_EMPTY_BODY = YES;
				CLANG_WARN_ENUM_CONVERSION = YES;
				CLANG_WARN_INFINITE_RECURSION = YES;
				CLANG_WARN_INT_CONVERSION = YES;
				CLANG_WARN_NON_LITERAL_NULL_CONVERSION = YES;
				CLANG_WARN_OBJC_LITERAL_CONVERSION = YES;
				CLANG_WARN_OBJC_ROOT_CLASS = YES_ERROR;
				CLANG_WARN_RANGE_LOOP_ANALYSIS = YES;
				CLANG_WARN_STRICT_PROTOTYPES = YES;
				CLANG_WARN_SUSPICIOUS_MOVE = YES;
				CLANG_WARN_UNGUARDED_AVAILABILITY = YES_AGGRESSIVE;
				CLANG_WARN_UNREACHABLE_CODE = YES;
				CLANG_WARN__DUPLICATE_METHOD_MATCH = YES;
				CODE_SIGN_IDENTITY = "iPhone Developer";
				COPY_PHASE_STRIP = NO;
				DEBUG_INFORMATION_FORMAT = "dwarf-with-dsym";
				ENABLE_NS_ASSERTIONS = NO;
				ENABLE_STRICT_OBJC_MSGSEND = YES;
				GCC_C_LANGUAGE_STANDARD = gnu11;
				GCC_NO_COMMON_BLOCKS = YES;
				GCC_WARN_64_TO_32_BIT_CONVERSION = YES;
				GCC_WARN_ABOUT_RETURN_TYPE = YES_ERROR;
				GCC_WARN_UNDECLARED_SELECTOR = YES;
				GCC_WARN_UNINITIALIZED_AUTOS = YES_AGGRESSIVE;
				GCC_WARN_UNUSED_FUNCTION = YES;
				GCC_WARN_UNUSED_VARIABLE = YES;
				IPHONEOS_DEPLOYMENT_TARGET = 11.2;
				MTL_ENABLE_DEBUG_INFO = NO;
				SDKROOT = iphoneos;
				VALIDATE_PRODUCT = YES;
			};
			name = Release;
		};
		34E7E6732057A6CB003EC3F7 /* Debug */ = {
			isa = XCBuildConfiguration;
			baseConfigurationReference = 7AE6992C570CABF11F092BD6 /* Pods-NoteForCode.debug.xcconfig */;
			buildSettings = {
				ASSETCATALOG_COMPILER_APPICON_NAME = AppIcon;
				CODE_SIGN_STYLE = Automatic;
				DEVELOPMENT_TEAM = 7WAQCR4UC3;
				INFOPLIST_FILE = NoteForCode/Info.plist;
				IPHONEOS_DEPLOYMENT_TARGET = 8.0;
				LD_RUNPATH_SEARCH_PATHS = "$(inherited) @executable_path/Frameworks";
				PRODUCT_BUNDLE_IDENTIFIER = com.wesly.NoteForCode;
				PRODUCT_NAME = "$(TARGET_NAME)";
				TARGETED_DEVICE_FAMILY = "1,2";
			};
			name = Debug;
		};
		34E7E6742057A6CB003EC3F7 /* Release */ = {
			isa = XCBuildConfiguration;
			baseConfigurationReference = A8A403088ED8C012DCC8B327 /* Pods-NoteForCode.release.xcconfig */;
			buildSettings = {
				ASSETCATALOG_COMPILER_APPICON_NAME = AppIcon;
				CODE_SIGN_STYLE = Automatic;
				DEVELOPMENT_TEAM = 7WAQCR4UC3;
				INFOPLIST_FILE = NoteForCode/Info.plist;
				IPHONEOS_DEPLOYMENT_TARGET = 8.0;
				LD_RUNPATH_SEARCH_PATHS = "$(inherited) @executable_path/Frameworks";
				PRODUCT_BUNDLE_IDENTIFIER = com.wesly.NoteForCode;
				PRODUCT_NAME = "$(TARGET_NAME)";
				TARGETED_DEVICE_FAMILY = "1,2";
			};
			name = Release;
		};
/* End XCBuildConfiguration section */

/* Begin XCConfigurationList section */
		34E7E6572057A6CB003EC3F7 /* Build configuration list for PBXProject "NoteForCode" */ = {
			isa = XCConfigurationList;
			buildConfigurations = (
				34E7E6702057A6CB003EC3F7 /* Debug */,
				34E7E6712057A6CB003EC3F7 /* Release */,
			);
			defaultConfigurationIsVisible = 0;
			defaultConfigurationName = Release;
		};
		34E7E6722057A6CB003EC3F7 /* Build configuration list for PBXNativeTarget "NoteForCode" */ = {
			isa = XCConfigurationList;
			buildConfigurations = (
				34E7E6732057A6CB003EC3F7 /* Debug */,
				34E7E6742057A6CB003EC3F7 /* Release */,
			);
			defaultConfigurationIsVisible = 0;
			defaultConfigurationName = Release;
		};
/* End XCConfigurationList section */
	};
	rootObject = 34E7E6542057A6CB003EC3F7 /* Project object */;
}
